// !$*UTF8*$!
{
	archiveVersion = 1;
	classes = {
	};
	objectVersion = 56;
	objects = {

/* Begin PBXBuildFile section */
		15775F902CAF2F420046DC4F /* ViewFactory.swift in Sources */ = {isa = PBXBuildFile; fileRef = 15775F8F2CAF2F420046DC4F /* ViewFactory.swift */; };
		15775F942CB062D40046DC4F /* GameErrorService.swift in Sources */ = {isa = PBXBuildFile; fileRef = 15775F932CB062CF0046DC4F /* GameErrorService.swift */; };
		15991A372CAA045100B6CDE8 /* SnapKit in Frameworks */ = {isa = PBXBuildFile; productRef = 15991A362CAA045100B6CDE8 /* SnapKit */; };
		15991A452CAA0A3400B6CDE8 /* SelectGameViewController.swift in Sources */ = {isa = PBXBuildFile; fileRef = 15991A442CAA0A2C00B6CDE8 /* SelectGameViewController.swift */; };
		15991A472CAA0A6A00B6CDE8 /* SettingsViewController.swift in Sources */ = {isa = PBXBuildFile; fileRef = 15991A462CAA0A6100B6CDE8 /* SettingsViewController.swift */; };
		15991A492CAA0AAE00B6CDE8 /* GameViewController.swift in Sources */ = {isa = PBXBuildFile; fileRef = 15991A482CAA0AA600B6CDE8 /* GameViewController.swift */; };
		15991A4B2CAA0AC600B6CDE8 /* HowToPlayViewController.swift in Sources */ = {isa = PBXBuildFile; fileRef = 15991A4A2CAA0ABC00B6CDE8 /* HowToPlayViewController.swift */; };
		15991A4F2CAA0B1000B6CDE8 /* ResultViewController.swift in Sources */ = {isa = PBXBuildFile; fileRef = 15991A4E2CAA0B0500B6CDE8 /* ResultViewController.swift */; };
		15991A512CAA0B2A00B6CDE8 /* LeaderboardViewController.swift in Sources */ = {isa = PBXBuildFile; fileRef = 15991A502CAA0B1B00B6CDE8 /* LeaderboardViewController.swift */; };
		15991A6F2CAD345500B6CDE8 /* Settings.swift in Sources */ = {isa = PBXBuildFile; fileRef = 15991A6E2CAD345500B6CDE8 /* Settings.swift */; };
		15991A712CAD385000B6CDE8 /* SkinCell.swift in Sources */ = {isa = PBXBuildFile; fileRef = 15991A702CAD385000B6CDE8 /* SkinCell.swift */; };
		37FC99E12CADE0C800A25B11 /* LeaderboardCell.swift in Sources */ = {isa = PBXBuildFile; fileRef = 37FC99E02CADE0C800A25B11 /* LeaderboardCell.swift */; };
		37FC99E92CB199EB00A25B11 /* SinglePlayerViewController.swift in Sources */ = {isa = PBXBuildFile; fileRef = 37FC99E82CB199EB00A25B11 /* SinglePlayerViewController.swift */; };
		DDE4C6E82CAD4ABF007CED8D /* TicTacModel.swift in Sources */ = {isa = PBXBuildFile; fileRef = DDE4C6E72CAD4ABF007CED8D /* TicTacModel.swift */; };
		E71ED1212CB144960025C4A5 /* music1.mp3 in Resources */ = {isa = PBXBuildFile; fileRef = E71ED1202CB144960025C4A5 /* music1.mp3 */; };
		E71ED1272CB1AA2A0025C4A5 /* BackgroundMusicPlayer.swift in Sources */ = {isa = PBXBuildFile; fileRef = E71ED1262CB1AA2A0025C4A5 /* BackgroundMusicPlayer.swift */; };
		E79CC3612CAF0CE8009EC06B /* HowToPlayCell.swift in Sources */ = {isa = PBXBuildFile; fileRef = E79CC3602CAF0CE8009EC06B /* HowToPlayCell.swift */; };
		F306EADF2CA9AF8000092870 /* AppDelegate.swift in Sources */ = {isa = PBXBuildFile; fileRef = F306EADE2CA9AF8000092870 /* AppDelegate.swift */; };
		F306EAE12CA9AF8000092870 /* SceneDelegate.swift in Sources */ = {isa = PBXBuildFile; fileRef = F306EAE02CA9AF8000092870 /* SceneDelegate.swift */; };
		F306EAE32CA9AF8000092870 /* OnboardingViewController.swift in Sources */ = {isa = PBXBuildFile; fileRef = F306EAE22CA9AF8000092870 /* OnboardingViewController.swift */; };
		F306EAE82CA9AF8200092870 /* Assets.xcassets in Resources */ = {isa = PBXBuildFile; fileRef = F306EAE72CA9AF8200092870 /* Assets.xcassets */; };
/* End PBXBuildFile section */

/* Begin PBXFileReference section */
		15775F8F2CAF2F420046DC4F /* ViewFactory.swift */ = {isa = PBXFileReference; lastKnownFileType = sourcecode.swift; name = ViewFactory.swift; path = "TicTacToe(team2)/ViewFactory.swift"; sourceTree = SOURCE_ROOT; };
		15775F932CB062CF0046DC4F /* GameErrorService.swift */ = {isa = PBXFileReference; lastKnownFileType = sourcecode.swift; path = GameErrorService.swift; sourceTree = "<group>"; };
		15991A442CAA0A2C00B6CDE8 /* SelectGameViewController.swift */ = {isa = PBXFileReference; lastKnownFileType = sourcecode.swift; path = SelectGameViewController.swift; sourceTree = "<group>"; };
		15991A462CAA0A6100B6CDE8 /* SettingsViewController.swift */ = {isa = PBXFileReference; lastKnownFileType = sourcecode.swift; path = SettingsViewController.swift; sourceTree = "<group>"; };
		15991A482CAA0AA600B6CDE8 /* GameViewController.swift */ = {isa = PBXFileReference; lastKnownFileType = sourcecode.swift; path = GameViewController.swift; sourceTree = "<group>"; };
		15991A4A2CAA0ABC00B6CDE8 /* HowToPlayViewController.swift */ = {isa = PBXFileReference; lastKnownFileType = sourcecode.swift; path = HowToPlayViewController.swift; sourceTree = "<group>"; };
		15991A4E2CAA0B0500B6CDE8 /* ResultViewController.swift */ = {isa = PBXFileReference; lastKnownFileType = sourcecode.swift; path = ResultViewController.swift; sourceTree = "<group>"; };
		15991A502CAA0B1B00B6CDE8 /* LeaderboardViewController.swift */ = {isa = PBXFileReference; lastKnownFileType = sourcecode.swift; path = LeaderboardViewController.swift; sourceTree = "<group>"; };
		15991A6E2CAD345500B6CDE8 /* Settings.swift */ = {isa = PBXFileReference; lastKnownFileType = sourcecode.swift; name = Settings.swift; path = "TicTacToe(team2)/Settings.swift"; sourceTree = SOURCE_ROOT; };
		15991A702CAD385000B6CDE8 /* SkinCell.swift */ = {isa = PBXFileReference; lastKnownFileType = sourcecode.swift; path = SkinCell.swift; sourceTree = "<group>"; };
		37FC99E02CADE0C800A25B11 /* LeaderboardCell.swift */ = {isa = PBXFileReference; lastKnownFileType = sourcecode.swift; path = LeaderboardCell.swift; sourceTree = "<group>"; };
		37FC99E82CB199EB00A25B11 /* SinglePlayerViewController.swift */ = {isa = PBXFileReference; lastKnownFileType = sourcecode.swift; path = SinglePlayerViewController.swift; sourceTree = "<group>"; };
		DDE4C6E72CAD4ABF007CED8D /* TicTacModel.swift */ = {isa = PBXFileReference; lastKnownFileType = sourcecode.swift; name = TicTacModel.swift; path = "TicTacToe(team2)/Resources/Assets.xcassets/Skins/xOskin.imageset/TicTacModel.swift"; sourceTree = SOURCE_ROOT; };
		E71ED1202CB144960025C4A5 /* music1.mp3 */ = {isa = PBXFileReference; lastKnownFileType = audio.mp3; path = music1.mp3; sourceTree = "<group>"; };
		E71ED1262CB1AA2A0025C4A5 /* BackgroundMusicPlayer.swift */ = {isa = PBXFileReference; lastKnownFileType = sourcecode.swift; path = BackgroundMusicPlayer.swift; sourceTree = "<group>"; };
		E79CC3602CAF0CE8009EC06B /* HowToPlayCell.swift */ = {isa = PBXFileReference; lastKnownFileType = sourcecode.swift; path = HowToPlayCell.swift; sourceTree = "<group>"; };
		F306EADB2CA9AF8000092870 /* TicTacToe(team2).app */ = {isa = PBXFileReference; explicitFileType = wrapper.application; includeInIndex = 0; path = "TicTacToe(team2).app"; sourceTree = BUILT_PRODUCTS_DIR; };
		F306EADE2CA9AF8000092870 /* AppDelegate.swift */ = {isa = PBXFileReference; lastKnownFileType = sourcecode.swift; path = AppDelegate.swift; sourceTree = "<group>"; };
		F306EAE02CA9AF8000092870 /* SceneDelegate.swift */ = {isa = PBXFileReference; lastKnownFileType = sourcecode.swift; path = SceneDelegate.swift; sourceTree = "<group>"; };
		F306EAE22CA9AF8000092870 /* OnboardingViewController.swift */ = {isa = PBXFileReference; lastKnownFileType = sourcecode.swift; path = OnboardingViewController.swift; sourceTree = "<group>"; };
		F306EAE72CA9AF8200092870 /* Assets.xcassets */ = {isa = PBXFileReference; lastKnownFileType = folder.assetcatalog; path = Assets.xcassets; sourceTree = "<group>"; };
		F306EAEC2CA9AF8200092870 /* Info.plist */ = {isa = PBXFileReference; lastKnownFileType = text.plist.xml; path = Info.plist; sourceTree = "<group>"; };
/* End PBXFileReference section */

/* Begin PBXFrameworksBuildPhase section */
		F306EAD82CA9AF8000092870 /* Frameworks */ = {
			isa = PBXFrameworksBuildPhase;
			buildActionMask = 2147483647;
			files = (
				15991A372CAA045100B6CDE8 /* SnapKit in Frameworks */,
			);
			runOnlyForDeploymentPostprocessing = 0;
		};
/* End PBXFrameworksBuildPhase section */

/* Begin PBXGroup section */
		15775F922CB062C70046DC4F /* Services */ = {
			isa = PBXGroup;
			children = (
				15775F932CB062CF0046DC4F /* GameErrorService.swift */,
			);
			path = Services;
			sourceTree = "<group>";
		};
		15991A382CAA059D00B6CDE8 /* Controllers */ = {
			isa = PBXGroup;
			children = (
				15991A3D2CAA07F000B6CDE8 /* Onboarding */,
				15991A3E2CAA07FD00B6CDE8 /* SelectGame */,
				15991A3F2CAA081500B6CDE8 /* Settings */,
				15991A402CAA096700B6CDE8 /* Game */,
				15991A412CAA098700B6CDE8 /* HowToPlay */,
				15991A422CAA099400B6CDE8 /* Result */,
				15991A432CAA09DA00B6CDE8 /* Leaderboard */,
			);
			path = Controllers;
			sourceTree = "<group>";
		};
		15991A392CAA05C100B6CDE8 /* App */ = {
			isa = PBXGroup;
			children = (
				F306EADE2CA9AF8000092870 /* AppDelegate.swift */,
				F306EAE02CA9AF8000092870 /* SceneDelegate.swift */,
			);
			path = App;
			sourceTree = "<group>";
		};
		15991A3A2CAA060C00B6CDE8 /* Resources */ = {
			isa = PBXGroup;
			children = (
				E71ED1202CB144960025C4A5 /* music1.mp3 */,
				F306EAE72CA9AF8200092870 /* Assets.xcassets */,
				F306EAEC2CA9AF8200092870 /* Info.plist */,
			);
			path = Resources;
			sourceTree = "<group>";
		};
		15991A3B2CAA062300B6CDE8 /* Extension */ = {
			isa = PBXGroup;
			children = (
				15775F8F2CAF2F420046DC4F /* ViewFactory.swift */,
			);
			path = Extension;
			sourceTree = "<group>";
		};
		15991A3C2CAA067000B6CDE8 /* Model */ = {
			isa = PBXGroup;
			children = (
				DDE4C6E72CAD4ABF007CED8D /* TicTacModel.swift */,
				15991A6E2CAD345500B6CDE8 /* Settings.swift */,
			);
			path = Model;
			sourceTree = "<group>";
		};
		15991A3D2CAA07F000B6CDE8 /* Onboarding */ = {
			isa = PBXGroup;
			children = (
				F306EAE22CA9AF8000092870 /* OnboardingViewController.swift */,
			);
			path = Onboarding;
			sourceTree = "<group>";
		};
		15991A3E2CAA07FD00B6CDE8 /* SelectGame */ = {
			isa = PBXGroup;
			children = (
				15991A442CAA0A2C00B6CDE8 /* SelectGameViewController.swift */,
			);
			path = SelectGame;
			sourceTree = "<group>";
		};
		15991A3F2CAA081500B6CDE8 /* Settings */ = {
			isa = PBXGroup;
			children = (
				15991A6D2CAD33FC00B6CDE8 /* SkinCell */,
				15991A462CAA0A6100B6CDE8 /* SettingsViewController.swift */,
			);
			path = Settings;
			sourceTree = "<group>";
		};
		15991A402CAA096700B6CDE8 /* Game */ = {
			isa = PBXGroup;
			children = (
				15991A482CAA0AA600B6CDE8 /* GameViewController.swift */,
				37FC99E82CB199EB00A25B11 /* SinglePlayerViewController.swift */,
			);
			path = Game;
			sourceTree = "<group>";
		};
		15991A412CAA098700B6CDE8 /* HowToPlay */ = {
			isa = PBXGroup;
			children = (
				15991A4A2CAA0ABC00B6CDE8 /* HowToPlayViewController.swift */,
				E79CC3602CAF0CE8009EC06B /* HowToPlayCell.swift */,
			);
			path = HowToPlay;
			sourceTree = "<group>";
		};
		15991A422CAA099400B6CDE8 /* Result */ = {
			isa = PBXGroup;
			children = (
				15991A4E2CAA0B0500B6CDE8 /* ResultViewController.swift */,
			);
			path = Result;
			sourceTree = "<group>";
		};
		15991A432CAA09DA00B6CDE8 /* Leaderboard */ = {
			isa = PBXGroup;
			children = (
				15991A502CAA0B1B00B6CDE8 /* LeaderboardViewController.swift */,
				37FC99E02CADE0C800A25B11 /* LeaderboardCell.swift */,
			);
			path = Leaderboard;
			sourceTree = "<group>";
		};
		15991A6D2CAD33FC00B6CDE8 /* SkinCell */ = {
			isa = PBXGroup;
			children = (
				15991A702CAD385000B6CDE8 /* SkinCell.swift */,
				E71ED1262CB1AA2A0025C4A5 /* BackgroundMusicPlayer.swift */,
			);
			path = SkinCell;
			sourceTree = "<group>";
		};
		F306EAD22CA9AF8000092870 = {
			isa = PBXGroup;
			children = (
				F306EADD2CA9AF8000092870 /* TicTacToe(team2) */,
				F306EADC2CA9AF8000092870 /* Products */,
			);
			sourceTree = "<group>";
		};
		F306EADC2CA9AF8000092870 /* Products */ = {
			isa = PBXGroup;
			children = (
				F306EADB2CA9AF8000092870 /* TicTacToe(team2).app */,
			);
			name = Products;
			sourceTree = "<group>";
		};
		F306EADD2CA9AF8000092870 /* TicTacToe(team2) */ = {
			isa = PBXGroup;
			children = (
				15775F922CB062C70046DC4F /* Services */,
				15991A3C2CAA067000B6CDE8 /* Model */,
				15991A3B2CAA062300B6CDE8 /* Extension */,
				15991A392CAA05C100B6CDE8 /* App */,
				15991A382CAA059D00B6CDE8 /* Controllers */,
				15991A3A2CAA060C00B6CDE8 /* Resources */,
			);
			path = "TicTacToe(team2)";
			sourceTree = "<group>";
		};
/* End PBXGroup section */

/* Begin PBXNativeTarget section */
		F306EADA2CA9AF8000092870 /* TicTacToe(team2) */ = {
			isa = PBXNativeTarget;
			buildConfigurationList = F306EAEF2CA9AF8200092870 /* Build configuration list for PBXNativeTarget "TicTacToe(team2)" */;
			buildPhases = (
				F306EAD72CA9AF8000092870 /* Sources */,
				F306EAD82CA9AF8000092870 /* Frameworks */,
				F306EAD92CA9AF8000092870 /* Resources */,
			);
			buildRules = (
			);
			dependencies = (
			);
			name = "TicTacToe(team2)";
			productName = "TicTacToe(team2)";
			productReference = F306EADB2CA9AF8000092870 /* TicTacToe(team2).app */;
			productType = "com.apple.product-type.application";
		};
/* End PBXNativeTarget section */

/* Begin PBXProject section */
		F306EAD32CA9AF8000092870 /* Project object */ = {
			isa = PBXProject;
			attributes = {
				BuildIndependentTargetsInParallel = 1;
				LastSwiftUpdateCheck = 1540;
				LastUpgradeCheck = 1540;
				TargetAttributes = {
					F306EADA2CA9AF8000092870 = {
						CreatedOnToolsVersion = 15.4;
					};
				};
			};
			buildConfigurationList = F306EAD62CA9AF8000092870 /* Build configuration list for PBXProject "TicTacToe(team2)" */;
			compatibilityVersion = "Xcode 14.0";
			developmentRegion = en;
			hasScannedForEncodings = 0;
			knownRegions = (
				en,
				Base,
			);
			mainGroup = F306EAD22CA9AF8000092870;
			packageReferences = (
				15991A352CAA045100B6CDE8 /* XCRemoteSwiftPackageReference "SnapKit" */,
			);
			productRefGroup = F306EADC2CA9AF8000092870 /* Products */;
			projectDirPath = "";
			projectRoot = "";
			targets = (
				F306EADA2CA9AF8000092870 /* TicTacToe(team2) */,
			);
		};
/* End PBXProject section */

/* Begin PBXResourcesBuildPhase section */
		F306EAD92CA9AF8000092870 /* Resources */ = {
			isa = PBXResourcesBuildPhase;
			buildActionMask = 2147483647;
			files = (
				E71ED1212CB144960025C4A5 /* music1.mp3 in Resources */,
				F306EAE82CA9AF8200092870 /* Assets.xcassets in Resources */,
			);
			runOnlyForDeploymentPostprocessing = 0;
		};
/* End PBXResourcesBuildPhase section */

/* Begin PBXSourcesBuildPhase section */
		F306EAD72CA9AF8000092870 /* Sources */ = {
			isa = PBXSourcesBuildPhase;
			buildActionMask = 2147483647;
			files = (
				F306EAE32CA9AF8000092870 /* OnboardingViewController.swift in Sources */,
				37FC99E12CADE0C800A25B11 /* LeaderboardCell.swift in Sources */,
				F306EADF2CA9AF8000092870 /* AppDelegate.swift in Sources */,
				15991A452CAA0A3400B6CDE8 /* SelectGameViewController.swift in Sources */,
				15991A4F2CAA0B1000B6CDE8 /* ResultViewController.swift in Sources */,
				15991A6F2CAD345500B6CDE8 /* Settings.swift in Sources */,
				15775F942CB062D40046DC4F /* GameErrorService.swift in Sources */,
				15991A512CAA0B2A00B6CDE8 /* LeaderboardViewController.swift in Sources */,
				15775F902CAF2F420046DC4F /* ViewFactory.swift in Sources */,
				15991A712CAD385000B6CDE8 /* SkinCell.swift in Sources */,
				15991A4B2CAA0AC600B6CDE8 /* HowToPlayViewController.swift in Sources */,
				15991A472CAA0A6A00B6CDE8 /* SettingsViewController.swift in Sources */,
				15991A492CAA0AAE00B6CDE8 /* GameViewController.swift in Sources */,
				37FC99E92CB199EB00A25B11 /* SinglePlayerViewController.swift in Sources */,
				E79CC3612CAF0CE8009EC06B /* HowToPlayCell.swift in Sources */,
				F306EAE12CA9AF8000092870 /* SceneDelegate.swift in Sources */,
				E71ED1272CB1AA2A0025C4A5 /* BackgroundMusicPlayer.swift in Sources */,
				DDE4C6E82CAD4ABF007CED8D /* TicTacModel.swift in Sources */,
			);
			runOnlyForDeploymentPostprocessing = 0;
		};
/* End PBXSourcesBuildPhase section */

/* Begin XCBuildConfiguration section */
		F306EAED2CA9AF8200092870 /* Debug */ = {
			isa = XCBuildConfiguration;
			buildSettings = {
				ALWAYS_SEARCH_USER_PATHS = NO;
				ASSETCATALOG_COMPILER_GENERATE_SWIFT_ASSET_SYMBOL_EXTENSIONS = YES;
				CLANG_ANALYZER_NONNULL = YES;
				CLANG_ANALYZER_NUMBER_OBJECT_CONVERSION = YES_AGGRESSIVE;
				CLANG_CXX_LANGUAGE_STANDARD = "gnu++20";
				CLANG_ENABLE_MODULES = YES;
				CLANG_ENABLE_OBJC_ARC = YES;
				CLANG_ENABLE_OBJC_WEAK = YES;
				CLANG_WARN_BLOCK_CAPTURE_AUTORELEASING = YES;
				CLANG_WARN_BOOL_CONVERSION = YES;
				CLANG_WARN_COMMA = YES;
				CLANG_WARN_CONSTANT_CONVERSION = YES;
				CLANG_WARN_DEPRECATED_OBJC_IMPLEMENTATIONS = YES;
				CLANG_WARN_DIRECT_OBJC_ISA_USAGE = YES_ERROR;
				CLANG_WARN_DOCUMENTATION_COMMENTS = YES;
				CLANG_WARN_EMPTY_BODY = YES;
				CLANG_WARN_ENUM_CONVERSION = YES;
				CLANG_WARN_INFINITE_RECURSION = YES;
				CLANG_WARN_INT_CONVERSION = YES;
				CLANG_WARN_NON_LITERAL_NULL_CONVERSION = YES;
				CLANG_WARN_OBJC_IMPLICIT_RETAIN_SELF = YES;
				CLANG_WARN_OBJC_LITERAL_CONVERSION = YES;
				CLANG_WARN_OBJC_ROOT_CLASS = YES_ERROR;
				CLANG_WARN_QUOTED_INCLUDE_IN_FRAMEWORK_HEADER = YES;
				CLANG_WARN_RANGE_LOOP_ANALYSIS = YES;
				CLANG_WARN_STRICT_PROTOTYPES = YES;
				CLANG_WARN_SUSPICIOUS_MOVE = YES;
				CLANG_WARN_UNGUARDED_AVAILABILITY = YES_AGGRESSIVE;
				CLANG_WARN_UNREACHABLE_CODE = YES;
				CLANG_WARN__DUPLICATE_METHOD_MATCH = YES;
				COPY_PHASE_STRIP = NO;
				DEBUG_INFORMATION_FORMAT = dwarf;
				ENABLE_STRICT_OBJC_MSGSEND = YES;
				ENABLE_TESTABILITY = YES;
				ENABLE_USER_SCRIPT_SANDBOXING = YES;
				GCC_C_LANGUAGE_STANDARD = gnu17;
				GCC_DYNAMIC_NO_PIC = NO;
				GCC_NO_COMMON_BLOCKS = YES;
				GCC_OPTIMIZATION_LEVEL = 0;
				GCC_PREPROCESSOR_DEFINITIONS = (
					"DEBUG=1",
					"$(inherited)",
				);
				GCC_WARN_64_TO_32_BIT_CONVERSION = YES;
				GCC_WARN_ABOUT_RETURN_TYPE = YES_ERROR;
				GCC_WARN_UNDECLARED_SELECTOR = YES;
				GCC_WARN_UNINITIALIZED_AUTOS = YES_AGGRESSIVE;
				GCC_WARN_UNUSED_FUNCTION = YES;
				GCC_WARN_UNUSED_VARIABLE = YES;
				IPHONEOS_DEPLOYMENT_TARGET = 17.5;
				LOCALIZATION_PREFERS_STRING_CATALOGS = YES;
				MTL_ENABLE_DEBUG_INFO = INCLUDE_SOURCE;
				MTL_FAST_MATH = YES;
				ONLY_ACTIVE_ARCH = YES;
				SDKROOT = iphoneos;
				SWIFT_ACTIVE_COMPILATION_CONDITIONS = "DEBUG $(inherited)";
				SWIFT_OPTIMIZATION_LEVEL = "-Onone";
			};
			name = Debug;
		};
		F306EAEE2CA9AF8200092870 /* Release */ = {
			isa = XCBuildConfiguration;
			buildSettings = {
				ALWAYS_SEARCH_USER_PATHS = NO;
				ASSETCATALOG_COMPILER_GENERATE_SWIFT_ASSET_SYMBOL_EXTENSIONS = YES;
				CLANG_ANALYZER_NONNULL = YES;
				CLANG_ANALYZER_NUMBER_OBJECT_CONVERSION = YES_AGGRESSIVE;
				CLANG_CXX_LANGUAGE_STANDARD = "gnu++20";
				CLANG_ENABLE_MODULES = YES;
				CLANG_ENABLE_OBJC_ARC = YES;
				CLANG_ENABLE_OBJC_WEAK = YES;
				CLANG_WARN_BLOCK_CAPTURE_AUTORELEASING = YES;
				CLANG_WARN_BOOL_CONVERSION = YES;
				CLANG_WARN_COMMA = YES;
				CLANG_WARN_CONSTANT_CONVERSION = YES;
				CLANG_WARN_DEPRECATED_OBJC_IMPLEMENTATIONS = YES;
				CLANG_WARN_DIRECT_OBJC_ISA_USAGE = YES_ERROR;
				CLANG_WARN_DOCUMENTATION_COMMENTS = YES;
				CLANG_WARN_EMPTY_BODY = YES;
				CLANG_WARN_ENUM_CONVERSION = YES;
				CLANG_WARN_INFINITE_RECURSION = YES;
				CLANG_WARN_INT_CONVERSION = YES;
				CLANG_WARN_NON_LITERAL_NULL_CONVERSION = YES;
				CLANG_WARN_OBJC_IMPLICIT_RETAIN_SELF = YES;
				CLANG_WARN_OBJC_LITERAL_CONVERSION = YES;
				CLANG_WARN_OBJC_ROOT_CLASS = YES_ERROR;
				CLANG_WARN_QUOTED_INCLUDE_IN_FRAMEWORK_HEADER = YES;
				CLANG_WARN_RANGE_LOOP_ANALYSIS = YES;
				CLANG_WARN_STRICT_PROTOTYPES = YES;
				CLANG_WARN_SUSPICIOUS_MOVE = YES;
				CLANG_WARN_UNGUARDED_AVAILABILITY = YES_AGGRESSIVE;
				CLANG_WARN_UNREACHABLE_CODE = YES;
				CLANG_WARN__DUPLICATE_METHOD_MATCH = YES;
				COPY_PHASE_STRIP = NO;
				DEBUG_INFORMATION_FORMAT = "dwarf-with-dsym";
				ENABLE_NS_ASSERTIONS = NO;
				ENABLE_STRICT_OBJC_MSGSEND = YES;
				ENABLE_USER_SCRIPT_SANDBOXING = YES;
				GCC_C_LANGUAGE_STANDARD = gnu17;
				GCC_NO_COMMON_BLOCKS = YES;
				GCC_WARN_64_TO_32_BIT_CONVERSION = YES;
				GCC_WARN_ABOUT_RETURN_TYPE = YES_ERROR;
				GCC_WARN_UNDECLARED_SELECTOR = YES;
				GCC_WARN_UNINITIALIZED_AUTOS = YES_AGGRESSIVE;
				GCC_WARN_UNUSED_FUNCTION = YES;
				GCC_WARN_UNUSED_VARIABLE = YES;
				IPHONEOS_DEPLOYMENT_TARGET = 17.5;
				LOCALIZATION_PREFERS_STRING_CATALOGS = YES;
				MTL_ENABLE_DEBUG_INFO = NO;
				MTL_FAST_MATH = YES;
				SDKROOT = iphoneos;
				SWIFT_COMPILATION_MODE = wholemodule;
				VALIDATE_PRODUCT = YES;
			};
			name = Release;
		};
		F306EAF02CA9AF8200092870 /* Debug */ = {
			isa = XCBuildConfiguration;
			buildSettings = {
				ASSETCATALOG_COMPILER_APPICON_NAME = AppIcon;
				ASSETCATALOG_COMPILER_GLOBAL_ACCENT_COLOR_NAME = AccentColor;
				CODE_SIGN_STYLE = Automatic;
				CURRENT_PROJECT_VERSION = 1;
				DEVELOPMENT_TEAM = FBKYC38SUZ;
				GENERATE_INFOPLIST_FILE = YES;
				INFOPLIST_FILE = "TicTacToe(team2)/Resources/Info.plist";
				INFOPLIST_KEY_UIApplicationSupportsIndirectInputEvents = YES;
				INFOPLIST_KEY_UILaunchStoryboardName = LaunchScreen;
				INFOPLIST_KEY_UIStatusBarStyle = "";
				INFOPLIST_KEY_UISupportedInterfaceOrientations = UIInterfaceOrientationPortrait;
				INFOPLIST_KEY_UISupportedInterfaceOrientations_iPad = "UIInterfaceOrientationLandscapeLeft UIInterfaceOrientationLandscapeRight UIInterfaceOrientationPortrait UIInterfaceOrientationPortraitUpsideDown";
				IPHONEOS_DEPLOYMENT_TARGET = 17.2;
				LD_RUNPATH_SEARCH_PATHS = (
					"$(inherited)",
					"@executable_path/Frameworks",
				);
				MARKETING_VERSION = 1.0;
				PRODUCT_BUNDLE_IDENTIFIER = "AnnaMel.TicTacToe-team2-";
				PRODUCT_NAME = "$(TARGET_NAME)";
				SUPPORTED_PLATFORMS = "iphoneos iphonesimulator";
				SUPPORTS_MACCATALYST = NO;
				SUPPORTS_MAC_DESIGNED_FOR_IPHONE_IPAD = NO;
				SUPPORTS_XR_DESIGNED_FOR_IPHONE_IPAD = NO;
				SWIFT_EMIT_LOC_STRINGS = YES;
				SWIFT_VERSION = 5.0;
				TARGETED_DEVICE_FAMILY = 1;
			};
			name = Debug;
		};
		F306EAF12CA9AF8200092870 /* Release */ = {
			isa = XCBuildConfiguration;
			buildSettings = {
				ASSETCATALOG_COMPILER_APPICON_NAME = AppIcon;
				ASSETCATALOG_COMPILER_GLOBAL_ACCENT_COLOR_NAME = AccentColor;
				CODE_SIGN_STYLE = Automatic;
				CURRENT_PROJECT_VERSION = 1;
				DEVELOPMENT_TEAM = FBKYC38SUZ;
				GENERATE_INFOPLIST_FILE = YES;
				INFOPLIST_FILE = "TicTacToe(team2)/Resources/Info.plist";
				INFOPLIST_KEY_UIApplicationSupportsIndirectInputEvents = YES;
				INFOPLIST_KEY_UILaunchStoryboardName = LaunchScreen;
				INFOPLIST_KEY_UIStatusBarStyle = "";
				INFOPLIST_KEY_UISupportedInterfaceOrientations = UIInterfaceOrientationPortrait;
				INFOPLIST_KEY_UISupportedInterfaceOrientations_iPad = "UIInterfaceOrientationLandscapeLeft UIInterfaceOrientationLandscapeRight UIInterfaceOrientationPortrait UIInterfaceOrientationPortraitUpsideDown";
				IPHONEOS_DEPLOYMENT_TARGET = 17.2;
				LD_RUNPATH_SEARCH_PATHS = (
					"$(inherited)",
					"@executable_path/Frameworks",
				);
				MARKETING_VERSION = 1.0;
				PRODUCT_BUNDLE_IDENTIFIER = "AnnaMel.TicTacToe-team2-";
				PRODUCT_NAME = "$(TARGET_NAME)";
				SUPPORTED_PLATFORMS = "iphoneos iphonesimulator";
				SUPPORTS_MACCATALYST = NO;
				SUPPORTS_MAC_DESIGNED_FOR_IPHONE_IPAD = NO;
				SUPPORTS_XR_DESIGNED_FOR_IPHONE_IPAD = NO;
				SWIFT_EMIT_LOC_STRINGS = YES;
				SWIFT_VERSION = 5.0;
				TARGETED_DEVICE_FAMILY = 1;
			};
			name = Release;
		};
/* End XCBuildConfiguration section */

/* Begin XCConfigurationList section */
		F306EAD62CA9AF8000092870 /* Build configuration list for PBXProject "TicTacToe(team2)" */ = {
			isa = XCConfigurationList;
			buildConfigurations = (
				F306EAED2CA9AF8200092870 /* Debug */,
				F306EAEE2CA9AF8200092870 /* Release */,
			);
			defaultConfigurationIsVisible = 0;
			defaultConfigurationName = Release;
		};
		F306EAEF2CA9AF8200092870 /* Build configuration list for PBXNativeTarget "TicTacToe(team2)" */ = {
			isa = XCConfigurationList;
			buildConfigurations = (
				F306EAF02CA9AF8200092870 /* Debug */,
				F306EAF12CA9AF8200092870 /* Release */,
			);
			defaultConfigurationIsVisible = 0;
			defaultConfigurationName = Release;
		};
/* End XCConfigurationList section */

/* Begin XCRemoteSwiftPackageReference section */
		15991A352CAA045100B6CDE8 /* XCRemoteSwiftPackageReference "SnapKit" */ = {
			isa = XCRemoteSwiftPackageReference;
			repositoryURL = "https://github.com/SnapKit/SnapKit";
			requirement = {
				kind = upToNextMajorVersion;
				minimumVersion = 5.7.1;
			};
		};
/* End XCRemoteSwiftPackageReference section */

/* Begin XCSwiftPackageProductDependency section */
		15991A362CAA045100B6CDE8 /* SnapKit */ = {
			isa = XCSwiftPackageProductDependency;
			package = 15991A352CAA045100B6CDE8 /* XCRemoteSwiftPackageReference "SnapKit" */;
			productName = SnapKit;
		};
/* End XCSwiftPackageProductDependency section */
	};
	rootObject = F306EAD32CA9AF8000092870 /* Project object */;
}
